// !$*UTF8*$!
{
	archiveVersion = 1;
	classes = {
	};
	objectVersion = 46;
	objects = {

/* Begin PBXBuildFile section */
		3A2B362314CAC549009A5B5E /* Cocoa.framework in Frameworks */ = {isa = PBXBuildFile; fileRef = 3A2B362214CAC549009A5B5E /* Cocoa.framework */; };
		3A2B362D14CAC549009A5B5E /* InfoPlist.strings in Resources */ = {isa = PBXBuildFile; fileRef = 3A2B362B14CAC549009A5B5E /* InfoPlist.strings */; };
		3A2B362F14CAC54A009A5B5E /* main.m in Sources */ = {isa = PBXBuildFile; fileRef = 3A2B362E14CAC54A009A5B5E /* main.m */; };
		3A2B363314CAC54A009A5B5E /* Credits.rtf in Resources */ = {isa = PBXBuildFile; fileRef = 3A2B363114CAC54A009A5B5E /* Credits.rtf */; };
		3A2B363614CAC54A009A5B5E /* CalculatorAppDelegate.m in Sources */ = {isa = PBXBuildFile; fileRef = 3A2B363514CAC54A009A5B5E /* CalculatorAppDelegate.m */; };
		3A2B363914CAC54A009A5B5E /* MainMenu.xib in Resources */ = {isa = PBXBuildFile; fileRef = 3A2B363714CAC54A009A5B5E /* MainMenu.xib */; };
		3A2B364114CAC54A009A5B5E /* SenTestingKit.framework in Frameworks */ = {isa = PBXBuildFile; fileRef = 3A2B364014CAC54A009A5B5E /* SenTestingKit.framework */; };
		3A2B364214CAC54A009A5B5E /* Cocoa.framework in Frameworks */ = {isa = PBXBuildFile; fileRef = 3A2B362214CAC549009A5B5E /* Cocoa.framework */; };
		3A2B364A14CAC54A009A5B5E /* InfoPlist.strings in Resources */ = {isa = PBXBuildFile; fileRef = 3A2B364814CAC54A009A5B5E /* InfoPlist.strings */; };
		3A2B364D14CAC54A009A5B5E /* CalculatorTests.m in Sources */ = {isa = PBXBuildFile; fileRef = 3A2B364C14CAC54A009A5B5E /* CalculatorTests.m */; };
/* End PBXBuildFile section */

/* Begin PBXContainerItemProxy section */
		3A2B364314CAC54A009A5B5E /* PBXContainerItemProxy */ = {
			isa = PBXContainerItemProxy;
			containerPortal = 3A2B361514CAC549009A5B5E /* Project object */;
			proxyType = 1;
			remoteGlobalIDString = 3A2B361D14CAC549009A5B5E;
			remoteInfo = Calculator;
		};
/* End PBXContainerItemProxy section */

/* Begin PBXFileReference section */
		3A2B361E14CAC549009A5B5E /* Calculator.app */ = {isa = PBXFileReference; explicitFileType = wrapper.application; includeInIndex = 0; path = Calculator.app; sourceTree = BUILT_PRODUCTS_DIR; };
		3A2B362214CAC549009A5B5E /* Cocoa.framework */ = {isa = PBXFileReference; lastKnownFileType = wrapper.framework; name = Cocoa.framework; path = System/Library/Frameworks/Cocoa.framework; sourceTree = SDKROOT; };
		3A2B362514CAC549009A5B5E /* AppKit.framework */ = {isa = PBXFileReference; lastKnownFileType = wrapper.framework; name = AppKit.framework; path = System/Library/Frameworks/AppKit.framework; sourceTree = SDKROOT; };
		3A2B362614CAC549009A5B5E /* CoreData.framework */ = {isa = PBXFileReference; lastKnownFileType = wrapper.framework; name = CoreData.framework; path = System/Library/Frameworks/CoreData.framework; sourceTree = SDKROOT; };
		3A2B362714CAC549009A5B5E /* Foundation.framework */ = {isa = PBXFileReference; lastKnownFileType = wrapper.framework; name = Foundation.framework; path = System/Library/Frameworks/Foundation.framework; sourceTree = SDKROOT; };
		3A2B362A14CAC549009A5B5E /* Calculator-Info.plist */ = {isa = PBXFileReference; path = "Calculator-Info.plist"; sourceTree = "<group>"; };
		3A2B362C14CAC549009A5B5E /* en */ = {isa = PBXFileReference; lastKnownFileType = text.plist.strings; name = en; path = en.lproj/InfoPlist.strings; sourceTree = "<group>"; };
		3A2B362E14CAC54A009A5B5E /* main.m */ = {isa = PBXFileReference; lastKnownFileType = sourcecode.c.objc; path = main.m; sourceTree = "<group>"; };
		3A2B363014CAC54A009A5B5E /* Calculator-Prefix.pch */ = {isa = PBXFileReference; path = "Calculator-Prefix.pch"; sourceTree = "<group>"; };
		3A2B363214CAC54A009A5B5E /* en */ = {isa = PBXFileReference; lastKnownFileType = text.rtf; name = en; path = en.lproj/Credits.rtf; sourceTree = "<group>"; };
		3A2B363414CAC54A009A5B5E /* CalculatorAppDelegate.h */ = {isa = PBXFileReference; path = CalculatorAppDelegate.h; sourceTree = "<group>"; };
		3A2B363514CAC54A009A5B5E /* CalculatorAppDelegate.m */ = {isa = PBXFileReference; lastKnownFileType = sourcecode.c.objc; path = CalculatorAppDelegate.m; sourceTree = "<group>"; };
		3A2B363814CAC54A009A5B5E /* en */ = {isa = PBXFileReference; lastKnownFileType = file.xib; name = en; path = en.lproj/MainMenu.xib; sourceTree = "<group>"; };
		3A2B363F14CAC54A009A5B5E /* CalculatorTests.octest */ = {isa = PBXFileReference; explicitFileType = wrapper.cfbundle; includeInIndex = 0; path = CalculatorTests.octest; sourceTree = BUILT_PRODUCTS_DIR; };
		3A2B364014CAC54A009A5B5E /* SenTestingKit.framework */ = {isa = PBXFileReference; lastKnownFileType = wrapper.framework; name = SenTestingKit.framework; path = Library/Frameworks/SenTestingKit.framework; sourceTree = DEVELOPER_DIR; };
		3A2B364714CAC54A009A5B5E /* CalculatorTests-Info.plist */ = {isa = PBXFileReference; path = "CalculatorTests-Info.plist"; sourceTree = "<group>"; };
		3A2B364914CAC54A009A5B5E /* en */ = {isa = PBXFileReference; lastKnownFileType = text.plist.strings; name = en; path = en.lproj/InfoPlist.strings; sourceTree = "<group>"; };
		3A2B364B14CAC54A009A5B5E /* CalculatorTests.h */ = {isa = PBXFileReference; path = CalculatorTests.h; sourceTree = "<group>"; };
		3A2B364C14CAC54A009A5B5E /* CalculatorTests.m */ = {isa = PBXFileReference; lastKnownFileType = sourcecode.c.objc; path = CalculatorTests.m; sourceTree = "<group>"; };
/* End PBXFileReference section */

/* Begin PBXFrameworksBuildPhase section */
		3A2B361B14CAC549009A5B5E /* Frameworks */ = {
			isa = PBXFrameworksBuildPhase;
			buildActionMask = 2147483647;
			files = (
				3A2B362314CAC549009A5B5E /* Cocoa.framework in Frameworks */,
			);
			runOnlyForDeploymentPostprocessing = 0;
		};
		3A2B363B14CAC54A009A5B5E /* Frameworks */ = {
			isa = PBXFrameworksBuildPhase;
			buildActionMask = 2147483647;
			files = (
				3A2B364114CAC54A009A5B5E /* SenTestingKit.framework in Frameworks */,
				3A2B364214CAC54A009A5B5E /* Cocoa.framework in Frameworks */,
			);
			runOnlyForDeploymentPostprocessing = 0;
		};
/* End PBXFrameworksBuildPhase section */

/* Begin PBXGroup section */
		3A2B361314CAC549009A5B5E = {
			isa = PBXGroup;
			children = (
				3A2B362814CAC549009A5B5E /* Calculator */,
				3A2B364514CAC54A009A5B5E /* CalculatorTests */,
				3A2B362114CAC549009A5B5E /* Frameworks */,
				3A2B361F14CAC549009A5B5E /* Products */,
			);
			sourceTree = "<group>";
		};
		3A2B361F14CAC549009A5B5E /* Products */ = {
			isa = PBXGroup;
			children = (
				3A2B361E14CAC549009A5B5E /* Calculator.app */,
				3A2B363F14CAC54A009A5B5E /* CalculatorTests.octest */,
			);
			name = Products;
			sourceTree = "<group>";
		};
		3A2B362114CAC549009A5B5E /* Frameworks */ = {
			isa = PBXGroup;
			children = (
				3A2B362214CAC549009A5B5E /* Cocoa.framework */,
				3A2B364014CAC54A009A5B5E /* SenTestingKit.framework */,
				3A2B362414CAC549009A5B5E /* Other Frameworks */,
			);
			name = Frameworks;
			sourceTree = "<group>";
		};
		3A2B362414CAC549009A5B5E /* Other Frameworks */ = {
			isa = PBXGroup;
			children = (
				3A2B362514CAC549009A5B5E /* AppKit.framework */,
				3A2B362614CAC549009A5B5E /* CoreData.framework */,
				3A2B362714CAC549009A5B5E /* Foundation.framework */,
			);
			name = "Other Frameworks";
			sourceTree = "<group>";
		};
		3A2B362814CAC549009A5B5E /* Calculator */ = {
			isa = PBXGroup;
			children = (
				3A2B363414CAC54A009A5B5E /* CalculatorAppDelegate.h */,
				3A2B363514CAC54A009A5B5E /* CalculatorAppDelegate.m */,
				3A2B363714CAC54A009A5B5E /* MainMenu.xib */,
				3A2B362914CAC549009A5B5E /* Supporting Files */,
			);
			path = Calculator;
			sourceTree = "<group>";
		};
		3A2B362914CAC549009A5B5E /* Supporting Files */ = {
			isa = PBXGroup;
			children = (
				3A2B362A14CAC549009A5B5E /* Calculator-Info.plist */,
				3A2B362B14CAC549009A5B5E /* InfoPlist.strings */,
				3A2B362E14CAC54A009A5B5E /* main.m */,
				3A2B363014CAC54A009A5B5E /* Calculator-Prefix.pch */,
				3A2B363114CAC54A009A5B5E /* Credits.rtf */,
			);
			name = "Supporting Files";
			sourceTree = "<group>";
		};
		3A2B364514CAC54A009A5B5E /* CalculatorTests */ = {
			isa = PBXGroup;
			children = (
				3A2B364B14CAC54A009A5B5E /* CalculatorTests.h */,
				3A2B364C14CAC54A009A5B5E /* CalculatorTests.m */,
				3A2B364614CAC54A009A5B5E /* Supporting Files */,
			);
			path = CalculatorTests;
			sourceTree = "<group>";
		};
		3A2B364614CAC54A009A5B5E /* Supporting Files */ = {
			isa = PBXGroup;
			children = (
				3A2B364714CAC54A009A5B5E /* CalculatorTests-Info.plist */,
				3A2B364814CAC54A009A5B5E /* InfoPlist.strings */,
			);
			name = "Supporting Files";
			sourceTree = "<group>";
		};
/* End PBXGroup section */

/* Begin PBXNativeTarget section */
		3A2B361D14CAC549009A5B5E /* Calculator */ = {
			isa = PBXNativeTarget;
			buildConfigurationList = 3A2B365014CAC54A009A5B5E /* Build configuration list for PBXNativeTarget "Calculator" */;
			buildPhases = (
				3A2B361A14CAC549009A5B5E /* Sources */,
				3A2B361B14CAC549009A5B5E /* Frameworks */,
				3A2B361C14CAC549009A5B5E /* Resources */,
			);
			buildRules = (
			);
			dependencies = (
			);
			name = Calculator;
			productName = Calculator;
			productReference = 3A2B361E14CAC549009A5B5E /* Calculator.app */;
			productType = "com.apple.product-type.application";
		};
		3A2B363E14CAC54A009A5B5E /* CalculatorTests */ = {
			isa = PBXNativeTarget;
			buildConfigurationList = 3A2B365314CAC54A009A5B5E /* Build configuration list for PBXNativeTarget "CalculatorTests" */;
			buildPhases = (
				3A2B363A14CAC54A009A5B5E /* Sources */,
				3A2B363B14CAC54A009A5B5E /* Frameworks */,
				3A2B363C14CAC54A009A5B5E /* Resources */,
				3A2B363D14CAC54A009A5B5E /* ShellScript */,
			);
			buildRules = (
			);
			dependencies = (
				3A2B364414CAC54A009A5B5E /* PBXTargetDependency */,
			);
			name = CalculatorTests;
			productName = CalculatorTests;
			productReference = 3A2B363F14CAC54A009A5B5E /* CalculatorTests.octest */;
			productType = "com.apple.product-type.bundle";
		};
/* End PBXNativeTarget section */

/* Begin PBXProject section */
		3A2B361514CAC549009A5B5E /* Project object */ = {
			isa = PBXProject;
			attributes = {
				LastUpgradeCheck = 0420;
			};
			buildConfigurationList = 3A2B361814CAC549009A5B5E /* Build configuration list for PBXProject "Calculator" */;
			compatibilityVersion = "Xcode 3.2";
			developmentRegion = English;
			hasScannedForEncodings = 0;
			knownRegions = (
				en,
			);
			mainGroup = 3A2B361314CAC549009A5B5E;
			productRefGroup = 3A2B361F14CAC549009A5B5E /* Products */;
			projectDirPath = "";
			projectRoot = "";
			targets = (
				3A2B361D14CAC549009A5B5E /* Calculator */,
				3A2B363E14CAC54A009A5B5E /* CalculatorTests */,
			);
		};
/* End PBXProject section */

/* Begin PBXResourcesBuildPhase section */
		3A2B361C14CAC549009A5B5E /* Resources */ = {
			isa = PBXResourcesBuildPhase;
			buildActionMask = 2147483647;
			files = (
				3A2B362D14CAC549009A5B5E /* InfoPlist.strings in Resources */,
				3A2B363314CAC54A009A5B5E /* Credits.rtf in Resources */,
				3A2B363914CAC54A009A5B5E /* MainMenu.xib in Resources */,
			);
			runOnlyForDeploymentPostprocessing = 0;
		};
		3A2B363C14CAC54A009A5B5E /* Resources */ = {
			isa = PBXResourcesBuildPhase;
			buildActionMask = 2147483647;
			files = (
				3A2B364A14CAC54A009A5B5E /* InfoPlist.strings in Resources */,
			);
			runOnlyForDeploymentPostprocessing = 0;
		};
/* End PBXResourcesBuildPhase section */

/* Begin PBXShellScriptBuildPhase section */
		3A2B363D14CAC54A009A5B5E /* ShellScript */ = {
			isa = PBXShellScriptBuildPhase;
			buildActionMask = 2147483647;
			files = (
			);
			inputPaths = (
			);
			outputPaths = (
			);
			runOnlyForDeploymentPostprocessing = 0;
			shellPath = /bin/sh;
			shellScript = "# Run the unit tests in this test bundle.\n\"${SYSTEM_DEVELOPER_DIR}/Tools/RunUnitTests\"\n";
		};
/* End PBXShellScriptBuildPhase section */

/* Begin PBXSourcesBuildPhase section */
		3A2B361A14CAC549009A5B5E /* Sources */ = {
			isa = PBXSourcesBuildPhase;
			buildActionMask = 2147483647;
			files = (
				3A2B362F14CAC54A009A5B5E /* main.m in Sources */,
				3A2B363614CAC54A009A5B5E /* CalculatorAppDelegate.m in Sources */,
			);
			runOnlyForDeploymentPostprocessing = 0;
		};
		3A2B363A14CAC54A009A5B5E /* Sources */ = {
			isa = PBXSourcesBuildPhase;
			buildActionMask = 2147483647;
			files = (
				3A2B364D14CAC54A009A5B5E /* CalculatorTests.m in Sources */,
			);
			runOnlyForDeploymentPostprocessing = 0;
		};
/* End PBXSourcesBuildPhase section */

/* Begin PBXTargetDependency section */
		3A2B364414CAC54A009A5B5E /* PBXTargetDependency */ = {
			isa = PBXTargetDependency;
			target = 3A2B361D14CAC549009A5B5E /* Calculator */;
			targetProxy = 3A2B364314CAC54A009A5B5E /* PBXContainerItemProxy */;
		};
/* End PBXTargetDependency section */

/* Begin PBXVariantGroup section */
		3A2B362B14CAC549009A5B5E /* InfoPlist.strings */ = {
			isa = PBXVariantGroup;
			children = (
				3A2B362C14CAC549009A5B5E /* en */,
			);
			name = InfoPlist.strings;
			sourceTree = "<group>";
		};
		3A2B363114CAC54A009A5B5E /* Credits.rtf */ = {
			isa = PBXVariantGroup;
			children = (
				3A2B363214CAC54A009A5B5E /* en */,
			);
			name = Credits.rtf;
			sourceTree = "<group>";
		};
		3A2B363714CAC54A009A5B5E /* MainMenu.xib */ = {
			isa = PBXVariantGroup;
			children = (
				3A2B363814CAC54A009A5B5E /* en */,
			);
			name = MainMenu.xib;
			sourceTree = "<group>";
		};
		3A2B364814CAC54A009A5B5E /* InfoPlist.strings */ = {
			isa = PBXVariantGroup;
			children = (
				3A2B364914CAC54A009A5B5E /* en */,
			);
			name = InfoPlist.strings;
			sourceTree = "<group>";
		};
/* End PBXVariantGroup section */

/* Begin XCBuildConfiguration section */
		3A2B364E14CAC54A009A5B5E /* Debug */ = {
			isa = XCBuildConfiguration;
			buildSettings = {
				ALWAYS_SEARCH_USER_PATHS = NO;
				ARCHS = "$(ARCHS_STANDARD_64_BIT)";
				CLANG_ENABLE_OBJC_ARC = YES;
				COPY_PHASE_STRIP = NO;
				GCC_C_LANGUAGE_STANDARD = gnu99;
				GCC_DYNAMIC_NO_PIC = NO;
				GCC_ENABLE_OBJC_EXCEPTIONS = YES;
				GCC_OPTIMIZATION_LEVEL = 0;
				GCC_PREPROCESSOR_DEFINITIONS = (
					"DEBUG=1",
					"$(inherited)",
				);
				GCC_SYMBOLS_PRIVATE_EXTERN = NO;
				GCC_VERSION = com.apple.compilers.llvm.clang.1_0;
				GCC_WARN_64_TO_32_BIT_CONVERSION = YES;
				GCC_WARN_ABOUT_MISSING_PROTOTYPES = YES;
				GCC_WARN_ABOUT_RETURN_TYPE = YES;
				GCC_WARN_UNUSED_VARIABLE = YES;
				MACOSX_DEPLOYMENT_TARGET = 10.7;
				ONLY_ACTIVE_ARCH = YES;
				SDKROOT = macosx;
			};
			name = Debug;
		};
		3A2B364F14CAC54A009A5B5E /* Release */ = {
			isa = XCBuildConfiguration;
			buildSettings = {
				ALWAYS_SEARCH_USER_PATHS = NO;
				ARCHS = "$(ARCHS_STANDARD_64_BIT)";
				CLANG_ENABLE_OBJC_ARC = YES;
				COPY_PHASE_STRIP = YES;
				DEBUG_INFORMATION_FORMAT = "dwarf-with-dsym";
				GCC_C_LANGUAGE_STANDARD = gnu99;
				GCC_ENABLE_OBJC_EXCEPTIONS = YES;
				GCC_VERSION = com.apple.compilers.llvm.clang.1_0;
				GCC_WARN_64_TO_32_BIT_CONVERSION = YES;
				GCC_WARN_ABOUT_MISSING_PROTOTYPES = YES;
				GCC_WARN_ABOUT_RETURN_TYPE = YES;
				GCC_WARN_UNUSED_VARIABLE = YES;
				MACOSX_DEPLOYMENT_TARGET = 10.7;
				SDKROOT = macosx;
			};
			name = Release;
		};
		3A2B365114CAC54A009A5B5E /* Debug */ = {
			isa = XCBuildConfiguration;
			buildSettings = {
				GCC_PRECOMPILE_PREFIX_HEADER = YES;
				GCC_PREFIX_HEADER = "Calculator/Calculator-Prefix.pch";
				INFOPLIST_FILE = "Calculator/Calculator-Info.plist";
				PRODUCT_NAME = "$(TARGET_NAME)";
				WRAPPER_EXTENSION = app;
			};
			name = Debug;
		};
		3A2B365214CAC54A009A5B5E /* Release */ = {
			isa = XCBuildConfiguration;
			buildSettings = {
				GCC_PRECOMPILE_PREFIX_HEADER = YES;
				GCC_PREFIX_HEADER = "Calculator/Calculator-Prefix.pch";
				INFOPLIST_FILE = "Calculator/Calculator-Info.plist";
				PRODUCT_NAME = "$(TARGET_NAME)";
				WRAPPER_EXTENSION = app;
			};
			name = Release;
		};
		3A2B365414CAC54A009A5B5E /* Debug */ = {
			isa = XCBuildConfiguration;
			buildSettings = {
				BUNDLE_LOADER = "$(BUILT_PRODUCTS_DIR)/Calculator.app/Contents/MacOS/Calculator";
				FRAMEWORK_SEARCH_PATHS = "$(DEVELOPER_LIBRARY_DIR)/Frameworks";
				GCC_PRECOMPILE_PREFIX_HEADER = YES;
				GCC_PREFIX_HEADER = "Calculator/Calculator-Prefix.pch";
				INFOPLIST_FILE = "CalculatorTests/CalculatorTests-Info.plist";
				PRODUCT_NAME = "$(TARGET_NAME)";
				TEST_HOST = "$(BUNDLE_LOADER)";
				WRAPPER_EXTENSION = octest;
			};
			name = Debug;
		};
		3A2B365514CAC54A009A5B5E /* Release */ = {
			isa = XCBuildConfiguration;
			buildSettings = {
				BUNDLE_LOADER = "$(BUILT_PRODUCTS_DIR)/Calculator.app/Contents/MacOS/Calculator";
				FRAMEWORK_SEARCH_PATHS = "$(DEVELOPER_LIBRARY_DIR)/Frameworks";
				GCC_PRECOMPILE_PREFIX_HEADER = YES;
				GCC_PREFIX_HEADER = "Calculator/Calculator-Prefix.pch";
				INFOPLIST_FILE = "CalculatorTests/CalculatorTests-Info.plist";
				PRODUCT_NAME = "$(TARGET_NAME)";
				TEST_HOST = "$(BUNDLE_LOADER)";
				WRAPPER_EXTENSION = octest;
			};
			name = Release;
		};
/* End XCBuildConfiguration section */

/* Begin XCConfigurationList section */
		3A2B361814CAC549009A5B5E /* Build configuration list for PBXProject "Calculator" */ = {
			isa = XCConfigurationList;
			buildConfigurations = (
				3A2B364E14CAC54A009A5B5E /* Debug */,
				3A2B364F14CAC54A009A5B5E /* Release */,
			);
			defaultConfigurationIsVisible = 0;
			defaultConfigurationName = Release;
		};
		3A2B365014CAC54A009A5B5E /* Build configuration list for PBXNativeTarget "Calculator" */ = {
			isa = XCConfigurationList;
			buildConfigurations = (
				3A2B365114CAC54A009A5B5E /* Debug */,
				3A2B365214CAC54A009A5B5E /* Release */,
			);
			defaultConfigurationIsVisible = 0;
		};
		3A2B365314CAC54A009A5B5E /* Build configuration list for PBXNativeTarget "CalculatorTests" */ = {
			isa = XCConfigurationList;
			buildConfigurations = (
				3A2B365414CAC54A009A5B5E /* Debug */,
				3A2B365514CAC54A009A5B5E /* Release */,
			);
			defaultConfigurationIsVisible = 0;
		};
/* End XCConfigurationList section */
	};
	rootObject = 3A2B361514CAC549009A5B5E /* Project object */;
}
